
Microsoft Visual Studio Solution File, Format Version 12.00
# Visual Studio Version 17
VisualStudioVersion = 17.5.33414.496
MinimumVisualStudioVersion = 10.0.40219.1
Project("{9A19103F-16F7-4668-BE54-9A1E7A4F7556}") = "365LicenseMonitor", "365LicenseMonitor\365LicenseMonitor.csproj", "{06E141D5-D356-4210-8C30-6DF43C43F125}"
EndProject
Global
	GlobalSection(SolutionConfigurationPlatforms) = preSolution
		Debug|Any CPU = Debug|Any CPU
		Release|Any CPU = Release|Any CPU
	EndGlobalSection
	GlobalSection(ProjectConfigurationPlatforms) = postSolution
		{06E141D5-D356-4210-8C30-6DF43C43F125}.Debug|Any CPU.ActiveCfg = Debug|Any CPU
		{06E141D5-D356-4210-8C30-6DF43C43F125}.Debug|Any CPU.Build.0 = Debug|Any CPU
		{06E141D5-D356-4210-8C30-6DF43C43F125}.Release|Any CPU.ActiveCfg = Release|Any CPU
		{06E141D5-D356-4210-8C30-6DF43C43F125}.Release|Any CPU.Build.0 = Release|Any CPU
	EndGlobalSection
	GlobalSection(SolutionProperties) = preSolution
		HideSolutionNode = FALSE
	EndGlobalSection
	GlobalSection(ExtensibilityGlobals) = postSolution
		SolutionGuid = {DE849055-F506-44F9-BDAE-E5C690742102}
	EndGlobalSection
EndGlobal
